
Microsoft Visual Studio Solution File, Format Version 12.00
# Visual Studio 15
Project("{FAE04EC0-301F-11D3-BF4B-00C04F79EFBC}") = "learning-together-api", "learning-together-api\learning-together-api.csproj", "{980EA769-B2D5-4EE1-AC6D-F1EA5C9A7F2F}"
EndProject
Project("{FAE04EC0-301F-11D3-BF4B-00C04F79EFBC}") = "learning-together-tests", "learning-together-tests\learning-together-tests.csproj", "{4DE0F1F0-6E8C-4166-AAE0-65327DAFC363}"
EndProject
Project("{FAE04EC0-301F-11D3-BF4B-00C04F79EFBC}") = "pathways-common", "pathways-common\pathways-common.csproj", "{AEAD7B53-9C31-4F60-A21C-F30EFA327AF3}"
EndProject
Global
	GlobalSection(SolutionConfigurationPlatforms) = preSolution
		Debug|Any CPU = Debug|Any CPU
		Release|Any CPU = Release|Any CPU
		Test|Any CPU = Test|Any CPU
	EndGlobalSection
	GlobalSection(ProjectConfigurationPlatforms) = postSolution
		{980EA769-B2D5-4EE1-AC6D-F1EA5C9A7F2F}.Debug|Any CPU.ActiveCfg = Debug|Any CPU
		{980EA769-B2D5-4EE1-AC6D-F1EA5C9A7F2F}.Debug|Any CPU.Build.0 = Debug|Any CPU
		{980EA769-B2D5-4EE1-AC6D-F1EA5C9A7F2F}.Release|Any CPU.ActiveCfg = Release|Any CPU
		{980EA769-B2D5-4EE1-AC6D-F1EA5C9A7F2F}.Release|Any CPU.Build.0 = Release|Any CPU
		{980EA769-B2D5-4EE1-AC6D-F1EA5C9A7F2F}.Test|Any CPU.ActiveCfg = Debug|Any CPU
		{980EA769-B2D5-4EE1-AC6D-F1EA5C9A7F2F}.Test|Any CPU.Build.0 = Debug|Any CPU
		{4DE0F1F0-6E8C-4166-AAE0-65327DAFC363}.Debug|Any CPU.ActiveCfg = Debug|Any CPU
		{4DE0F1F0-6E8C-4166-AAE0-65327DAFC363}.Release|Any CPU.ActiveCfg = Release|Any CPU
		{4DE0F1F0-6E8C-4166-AAE0-65327DAFC363}.Test|Any CPU.ActiveCfg = Debug|Any CPU
		{4DE0F1F0-6E8C-4166-AAE0-65327DAFC363}.Test|Any CPU.Build.0 = Debug|Any CPU
		{AEAD7B53-9C31-4F60-A21C-F30EFA327AF3}.Debug|Any CPU.ActiveCfg = Debug|Any CPU
		{AEAD7B53-9C31-4F60-A21C-F30EFA327AF3}.Debug|Any CPU.Build.0 = Debug|Any CPU
		{AEAD7B53-9C31-4F60-A21C-F30EFA327AF3}.Release|Any CPU.ActiveCfg = Release|Any CPU
		{AEAD7B53-9C31-4F60-A21C-F30EFA327AF3}.Release|Any CPU.Build.0 = Release|Any CPU
		{AEAD7B53-9C31-4F60-A21C-F30EFA327AF3}.Test|Any CPU.ActiveCfg = Debug|Any CPU
		{AEAD7B53-9C31-4F60-A21C-F30EFA327AF3}.Test|Any CPU.Build.0 = Debug|Any CPU
	EndGlobalSection
EndGlobal
